
Microsoft Visual Studio Solution File, Format Version 12.00
# Visual Studio 2012
Project("{FAE04EC0-301F-11D3-BF4B-00C04F79EFBC}") = "Moesif.Middleware", "Moesif.Middleware\Moesif.Middleware.csproj", "{1090B4F7-8793-4129-8C6F-3601950BD01D}"
EndProject
Project("{FAE04EC0-301F-11D3-BF4B-00C04F79EFBC}") = "Moesif.Middleware.Test", "Moesif.Middleware.Test\Moesif.Middleware.Test.csproj", "{4827B89D-4112-4369-9292-BA175FD1BF1A}"
EndProject
Global
	GlobalSection(SolutionConfigurationPlatforms) = preSolution
		Debug|Any CPU = Debug|Any CPU
		Release|Any CPU = Release|Any CPU
	EndGlobalSection
	GlobalSection(ProjectConfigurationPlatforms) = postSolution
		{1090B4F7-8793-4129-8C6F-3601950BD01D}.Debug|Any CPU.ActiveCfg = Debug|Any CPU
		{1090B4F7-8793-4129-8C6F-3601950BD01D}.Debug|Any CPU.Build.0 = Debug|Any CPU
		{1090B4F7-8793-4129-8C6F-3601950BD01D}.Release|Any CPU.ActiveCfg = Release|Any CPU
		{1090B4F7-8793-4129-8C6F-3601950BD01D}.Release|Any CPU.Build.0 = Release|Any CPU
		{4827B89D-4112-4369-9292-BA175FD1BF1A}.Debug|Any CPU.ActiveCfg = Debug|Any CPU
		{4827B89D-4112-4369-9292-BA175FD1BF1A}.Debug|Any CPU.Build.0 = Debug|Any CPU
		{4827B89D-4112-4369-9292-BA175FD1BF1A}.Release|Any CPU.ActiveCfg = Release|Any CPU
		{4827B89D-4112-4369-9292-BA175FD1BF1A}.Release|Any CPU.Build.0 = Release|Any CPU
	EndGlobalSection
EndGlobal
